// !$*UTF8*$!
{
	archiveVersion = 1;
	classes = {
	};
	objectVersion = 48;
	objects = {

/* Begin PBXBuildFile section */
		63E3BE3E2029B6050025CBDF /* AppDelegate.m in Sources */ = {isa = PBXBuildFile; fileRef = 63E3BE3D2029B6050025CBDF /* AppDelegate.m */; };
		63E3BE412029B6050025CBDF /* ViewController.m in Sources */ = {isa = PBXBuildFile; fileRef = 63E3BE402029B6050025CBDF /* ViewController.m */; };
		63E3BE442029B6050025CBDF /* Main.storyboard in Resources */ = {isa = PBXBuildFile; fileRef = 63E3BE422029B6050025CBDF /* Main.storyboard */; };
		63E3BE462029B6050025CBDF /* Assets.xcassets in Resources */ = {isa = PBXBuildFile; fileRef = 63E3BE452029B6050025CBDF /* Assets.xcassets */; };
		63E3BE492029B6050025CBDF /* LaunchScreen.storyboard in Resources */ = {isa = PBXBuildFile; fileRef = 63E3BE472029B6050025CBDF /* LaunchScreen.storyboard */; };
		63E3BE4C2029B6050025CBDF /* main.m in Sources */ = {isa = PBXBuildFile; fileRef = 63E3BE4B2029B6050025CBDF /* main.m */; };
		63E3BE552029B80F0025CBDF /* LYTool.m in Sources */ = {isa = PBXBuildFile; fileRef = 63E3BE542029B80F0025CBDF /* LYTool.m */; };
		63E3BE572029B87F0025CBDF /* LYTools.podspec in Resources */ = {isa = PBXBuildFile; fileRef = 63E3BE562029B87F0025CBDF /* LYTools.podspec */; };
/* End PBXBuildFile section */

/* Begin PBXFileReference section */
		63E3BE392029B6050025CBDF /* LYTools.app */ = {isa = PBXFileReference; explicitFileType = wrapper.application; includeInIndex = 0; path = LYTools.app; sourceTree = BUILT_PRODUCTS_DIR; };
		63E3BE3C2029B6050025CBDF /* AppDelegate.h */ = {isa = PBXFileReference; lastKnownFileType = sourcecode.c.h; path = AppDelegate.h; sourceTree = "<group>"; };
		63E3BE3D2029B6050025CBDF /* AppDelegate.m */ = {isa = PBXFileReference; lastKnownFileType = sourcecode.c.objc; path = AppDelegate.m; sourceTree = "<group>"; };
		63E3BE3F2029B6050025CBDF /* ViewController.h */ = {isa = PBXFileReference; lastKnownFileType = sourcecode.c.h; path = ViewController.h; sourceTree = "<group>"; };
		63E3BE402029B6050025CBDF /* ViewController.m */ = {isa = PBXFileReference; lastKnownFileType = sourcecode.c.objc; path = ViewController.m; sourceTree = "<group>"; };
		63E3BE432029B6050025CBDF /* Base */ = {isa = PBXFileReference; lastKnownFileType = file.storyboard; name = Base; path = Base.lproj/Main.storyboard; sourceTree = "<group>"; };
		63E3BE452029B6050025CBDF /* Assets.xcassets */ = {isa = PBXFileReference; lastKnownFileType = folder.assetcatalog; path = Assets.xcassets; sourceTree = "<group>"; };
		63E3BE482029B6050025CBDF /* Base */ = {isa = PBXFileReference; lastKnownFileType = file.storyboard; name = Base; path = Base.lproj/LaunchScreen.storyboard; sourceTree = "<group>"; };
		63E3BE4A2029B6050025CBDF /* Info.plist */ = {isa = PBXFileReference; lastKnownFileType = text.plist.xml; path = Info.plist; sourceTree = "<group>"; };
		63E3BE4B2029B6050025CBDF /* main.m */ = {isa = PBXFileReference; lastKnownFileType = sourcecode.c.objc; path = main.m; sourceTree = "<group>"; };
		63E3BE532029B80F0025CBDF /* LYTool.h */ = {isa = PBXFileReference; lastKnownFileType = sourcecode.c.h; path = LYTool.h; sourceTree = "<group>"; };
		63E3BE542029B80F0025CBDF /* LYTool.m */ = {isa = PBXFileReference; lastKnownFileType = sourcecode.c.objc; path = LYTool.m; sourceTree = "<group>"; };
		63E3BE562029B87F0025CBDF /* LYTools.podspec */ = {isa = PBXFileReference; fileEncoding = 4; lastKnownFileType = text; path = LYTools.podspec; sourceTree = "<group>"; };
/* End PBXFileReference section */

/* Begin PBXFrameworksBuildPhase section */
		63E3BE362029B6050025CBDF /* Frameworks */ = {
			isa = PBXFrameworksBuildPhase;
			buildActionMask = 2147483647;
			files = (
			);
			runOnlyForDeploymentPostprocessing = 0;
		};
/* End PBXFrameworksBuildPhase section */

/* Begin PBXGroup section */
		63E3BE302029B6050025CBDF = {
			isa = PBXGroup;
			children = (
				63E3BE562029B87F0025CBDF /* LYTools.podspec */,
				63E3BE522029B7D70025CBDF /* LYTool */,
				63E3BE3B2029B6050025CBDF /* LYTools */,
				63E3BE3A2029B6050025CBDF /* Products */,
			);
			sourceTree = "<group>";
		};
		63E3BE3A2029B6050025CBDF /* Products */ = {
			isa = PBXGroup;
			children = (
				63E3BE392029B6050025CBDF /* LYTools.app */,
			);
			name = Products;
			sourceTree = "<group>";
		};
		63E3BE3B2029B6050025CBDF /* LYTools */ = {
			isa = PBXGroup;
			children = (
				63E3BE3C2029B6050025CBDF /* AppDelegate.h */,
				63E3BE3D2029B6050025CBDF /* AppDelegate.m */,
				63E3BE3F2029B6050025CBDF /* ViewController.h */,
				63E3BE402029B6050025CBDF /* ViewController.m */,
				63E3BE422029B6050025CBDF /* Main.storyboard */,
				63E3BE452029B6050025CBDF /* Assets.xcassets */,
				63E3BE472029B6050025CBDF /* LaunchScreen.storyboard */,
				63E3BE4A2029B6050025CBDF /* Info.plist */,
				63E3BE4B2029B6050025CBDF /* main.m */,
			);
			path = LYTools;
			sourceTree = "<group>";
		};
		63E3BE522029B7D70025CBDF /* LYTool */ = {
			isa = PBXGroup;
			children = (
				63E3BE532029B80F0025CBDF /* LYTool.h */,
				63E3BE542029B80F0025CBDF /* LYTool.m */,
			);
			path = LYTool;
			sourceTree = "<group>";
		};
/* End PBXGroup section */

/* Begin PBXNativeTarget section */
		63E3BE382029B6050025CBDF /* LYTools */ = {
			isa = PBXNativeTarget;
			buildConfigurationList = 63E3BE4F2029B6050025CBDF /* Build configuration list for PBXNativeTarget "LYTools" */;
			buildPhases = (
				63E3BE352029B6050025CBDF /* Sources */,
				63E3BE362029B6050025CBDF /* Frameworks */,
				63E3BE372029B6050025CBDF /* Resources */,
			);
			buildRules = (
			);
			dependencies = (
			);
			name = LYTools;
			productName = LYTools;
			productReference = 63E3BE392029B6050025CBDF /* LYTools.app */;
			productType = "com.apple.product-type.application";
		};
/* End PBXNativeTarget section */

/* Begin PBXProject section */
		63E3BE312029B6050025CBDF /* Project object */ = {
			isa = PBXProject;
			attributes = {
				LastUpgradeCheck = 0920;
				ORGANIZATIONNAME = "赵良育";
				TargetAttributes = {
					63E3BE382029B6050025CBDF = {
						CreatedOnToolsVersion = 9.2;
						ProvisioningStyle = Automatic;
					};
				};
			};
			buildConfigurationList = 63E3BE342029B6050025CBDF /* Build configuration list for PBXProject "LYTools" */;
			compatibilityVersion = "Xcode 8.0";
			developmentRegion = en;
			hasScannedForEncodings = 0;
			knownRegions = (
				en,
				Base,
			);
			mainGroup = 63E3BE302029B6050025CBDF;
			productRefGroup = 63E3BE3A2029B6050025CBDF /* Products */;
			projectDirPath = "";
			projectRoot = "";
			targets = (
				63E3BE382029B6050025CBDF /* LYTools */,
			);
		};
/* End PBXProject section */

/* Begin PBXResourcesBuildPhase section */
		63E3BE372029B6050025CBDF /* Resources */ = {
			isa = PBXResourcesBuildPhase;
			buildActionMask = 2147483647;
			files = (
				63E3BE492029B6050025CBDF /* LaunchScreen.storyboard in Resources */,
				63E3BE572029B87F0025CBDF /* LYTools.podspec in Resources */,
				63E3BE462029B6050025CBDF /* Assets.xcassets in Resources */,
				63E3BE442029B6050025CBDF /* Main.storyboard in Resources */,
			);
			runOnlyForDeploymentPostprocessing = 0;
		};
/* End PBXResourcesBuildPhase section */

/* Begin PBXSourcesBuildPhase section */
		63E3BE352029B6050025CBDF /* Sources */ = {
			isa = PBXSourcesBuildPhase;
			buildActionMask = 2147483647;
			files = (
				63E3BE412029B6050025CBDF /* ViewController.m in Sources */,
				63E3BE4C2029B6050025CBDF /* main.m in Sources */,
				63E3BE552029B80F0025CBDF /* LYTool.m in Sources */,
				63E3BE3E2029B6050025CBDF /* AppDelegate.m in Sources */,
			);
			runOnlyForDeploymentPostprocessing = 0;
		};
/* End PBXSourcesBuildPhase section */

/* Begin PBXVariantGroup section */
		63E3BE422029B6050025CBDF /* Main.storyboard */ = {
			isa = PBXVariantGroup;
			children = (
				63E3BE432029B6050025CBDF /* Base */,
			);
			name = Main.storyboard;
			sourceTree = "<group>";
		};
		63E3BE472029B6050025CBDF /* LaunchScreen.storyboard */ = {
			isa = PBXVariantGroup;
			children = (
				63E3BE482029B6050025CBDF /* Base */,
			);
			name = LaunchScreen.storyboard;
			sourceTree = "<group>";
		};
/* End PBXVariantGroup section */

/* Begin XCBuildConfiguration section */
		63E3BE4D2029B6050025CBDF /* Debug */ = {
			isa = XCBuildConfiguration;
			buildSettings = {
				ALWAYS_SEARCH_USER_PATHS = NO;
				CLANG_ANALYZER_NONNULL = YES;
				CLANG_ANALYZER_NUMBER_OBJECT_CONVERSION = YES_AGGRESSIVE;
				CLANG_CXX_LANGUAGE_STANDARD = "gnu++14";
				CLANG_CXX_LIBRARY = "libc++";
				CLANG_ENABLE_MODULES = YES;
				CLANG_ENABLE_OBJC_ARC = YES;
				CLANG_WARN_BLOCK_CAPTURE_AUTORELEASING = YES;
				CLANG_WARN_BOOL_CONVERSION = YES;
				CLANG_WARN_COMMA = YES;
				CLANG_WARN_CONSTANT_CONVERSION = YES;
				CLANG_WARN_DIRECT_OBJC_ISA_USAGE = YES_ERROR;
				CLANG_WARN_DOCUMENTATION_COMMENTS = YES;
				CLANG_WARN_EMPTY_BODY = YES;
				CLANG_WARN_ENUM_CONVERSION = YES;
				CLANG_WARN_INFINITE_RECURSION = YES;
				CLANG_WARN_INT_CONVERSION = YES;
				CLANG_WARN_NON_LITERAL_NULL_CONVERSION = YES;
				CLANG_WARN_OBJC_LITERAL_CONVERSION = YES;
				CLANG_WARN_OBJC_ROOT_CLASS = YES_ERROR;
				CLANG_WARN_RANGE_LOOP_ANALYSIS = YES;
				CLANG_WARN_STRICT_PROTOTYPES = YES;
				CLANG_WARN_SUSPICIOUS_MOVE = YES;
				CLANG_WARN_UNGUARDED_AVAILABILITY = YES_AGGRESSIVE;
				CLANG_WARN_UNREACHABLE_CODE = YES;
				CLANG_WARN__DUPLICATE_METHOD_MATCH = YES;
				CODE_SIGN_IDENTITY = "iPhone Developer";
				COPY_PHASE_STRIP = NO;
				DEBUG_INFORMATION_FORMAT = dwarf;
				ENABLE_STRICT_OBJC_MSGSEND = YES;
				ENABLE_TESTABILITY = YES;
				GCC_C_LANGUAGE_STANDARD = gnu11;
				GCC_DYNAMIC_NO_PIC = NO;
				GCC_NO_COMMON_BLOCKS = YES;
				GCC_OPTIMIZATION_LEVEL = 0;
				GCC_PREPROCESSOR_DEFINITIONS = (
					"DEBUG=1",
					"$(inherited)",
				);
				GCC_WARN_64_TO_32_BIT_CONVERSION = YES;
				GCC_WARN_ABOUT_RETURN_TYPE = YES_ERROR;
				GCC_WARN_UNDECLARED_SELECTOR = YES;
				GCC_WARN_UNINITIALIZED_AUTOS = YES_AGGRESSIVE;
				GCC_WARN_UNUSED_FUNCTION = YES;
				GCC_WARN_UNUSED_VARIABLE = YES;
				IPHONEOS_DEPLOYMENT_TARGET = 11.2;
				MTL_ENABLE_DEBUG_INFO = YES;
				ONLY_ACTIVE_ARCH = YES;
				SDKROOT = iphoneos;
			};
			name = Debug;
		};
		63E3BE4E2029B6050025CBDF /* Release */ = {
			isa = XCBuildConfiguration;
			buildSettings = {
				ALWAYS_SEARCH_USER_PATHS = NO;
				CLANG_ANALYZER_NONNULL = YES;
				CLANG_ANALYZER_NUMBER_OBJECT_CONVERSION = YES_AGGRESSIVE;
				CLANG_CXX_LANGUAGE_STANDARD = "gnu++14";
				CLANG_CXX_LIBRARY = "libc++";
				CLANG_ENABLE_MODULES = YES;
				CLANG_ENABLE_OBJC_ARC = YES;
				CLANG_WARN_BLOCK_CAPTURE_AUTORELEASING = YES;
				CLANG_WARN_BOOL_CONVERSION = YES;
				CLANG_WARN_COMMA = YES;
				CLANG_WARN_CONSTANT_CONVERSION = YES;
				CLANG_WARN_DIRECT_OBJC_ISA_USAGE = YES_ERROR;
				CLANG_WARN_DOCUMENTATION_COMMENTS = YES;
				CLANG_WARN_EMPTY_BODY = YES;
				CLANG_WARN_ENUM_CONVERSION = YES;
				CLANG_WARN_INFINITE_RECURSION = YES;
				CLANG_WARN_INT_CONVERSION = YES;
				CLANG_WARN_NON_LITERAL_NULL_CONVERSION = YES;
				CLANG_WARN_OBJC_LITERAL_CONVERSION = YES;
				CLANG_WARN_OBJC_ROOT_CLASS = YES_ERROR;
				CLANG_WARN_RANGE_LOOP_ANALYSIS = YES;
				CLANG_WARN_STRICT_PROTOTYPES = YES;
				CLANG_WARN_SUSPICIOUS_MOVE = YES;
				CLANG_WARN_UNGUARDED_AVAILABILITY = YES_AGGRESSIVE;
				CLANG_WARN_UNREACHABLE_CODE = YES;
				CLANG_WARN__DUPLICATE_METHOD_MATCH = YES;
				CODE_SIGN_IDENTITY = "iPhone Developer";
				COPY_PHASE_STRIP = NO;
				DEBUG_INFORMATION_FORMAT = "dwarf-with-dsym";
				ENABLE_NS_ASSERTIONS = NO;
				ENABLE_STRICT_OBJC_MSGSEND = YES;
				GCC_C_LANGUAGE_STANDARD = gnu11;
				GCC_NO_COMMON_BLOCKS = YES;
				GCC_WARN_64_TO_32_BIT_CONVERSION = YES;
				GCC_WARN_ABOUT_RETURN_TYPE = YES_ERROR;
				GCC_WARN_UNDECLARED_SELECTOR = YES;
				GCC_WARN_UNINITIALIZED_AUTOS = YES_AGGRESSIVE;
				GCC_WARN_UNUSED_FUNCTION = YES;
				GCC_WARN_UNUSED_VARIABLE = YES;
				IPHONEOS_DEPLOYMENT_TARGET = 11.2;
				MTL_ENABLE_DEBUG_INFO = NO;
				SDKROOT = iphoneos;
				VALIDATE_PRODUCT = YES;
			};
			name = Release;
		};
		63E3BE502029B6050025CBDF /* Debug */ = {
			isa = XCBuildConfiguration;
			buildSettings = {
				ASSETCATALOG_COMPILER_APPICON_NAME = AppIcon;
				CODE_SIGN_STYLE = Automatic;
				DEVELOPMENT_TEAM = 8D3CFMJ397;
				INFOPLIST_FILE = LYTools/Info.plist;
				IPHONEOS_DEPLOYMENT_TARGET = 8.0;
				LD_RUNPATH_SEARCH_PATHS = "$(inherited) @executable_path/Frameworks";
				PRODUCT_BUNDLE_IDENTIFIER = com.liangyu.LYTools;
				PRODUCT_NAME = "$(TARGET_NAME)";
				TARGETED_DEVICE_FAMILY = "1,2";
			};
			name = Debug;
		};
		63E3BE512029B6050025CBDF /* Release */ = {
			isa = XCBuildConfiguration;
			buildSettings = {
				ASSETCATALOG_COMPILER_APPICON_NAME = AppIcon;
				CODE_SIGN_STYLE = Automatic;
				DEVELOPMENT_TEAM = 8D3CFMJ397;
				INFOPLIST_FILE = LYTools/Info.plist;
				IPHONEOS_DEPLOYMENT_TARGET = 8.0;
				LD_RUNPATH_SEARCH_PATHS = "$(inherited) @executable_path/Frameworks";
				PRODUCT_BUNDLE_IDENTIFIER = com.liangyu.LYTools;
				PRODUCT_NAME = "$(TARGET_NAME)";
				TARGETED_DEVICE_FAMILY = "1,2";
			};
			name = Release;
		};
/* End XCBuildConfiguration section */

/* Begin XCConfigurationList section */
		63E3BE342029B6050025CBDF /* Build configuration list for PBXProject "LYTools" */ = {
			isa = XCConfigurationList;
			buildConfigurations = (
				63E3BE4D2029B6050025CBDF /* Debug */,
				63E3BE4E2029B6050025CBDF /* Release */,
			);
			defaultConfigurationIsVisible = 0;
			defaultConfigurationName = Release;
		};
		63E3BE4F2029B6050025CBDF /* Build configuration list for PBXNativeTarget "LYTools" */ = {
			isa = XCConfigurationList;
			buildConfigurations = (
				63E3BE502029B6050025CBDF /* Debug */,
				63E3BE512029B6050025CBDF /* Release */,
			);
			defaultConfigurationIsVisible = 0;
			defaultConfigurationName = Release;
		};
/* End XCConfigurationList section */
	};
	rootObject = 63E3BE312029B6050025CBDF /* Project object */;
}
